# This file is autogenerated, do not edit; changes may be undone by the next 'dep ensure'.


[[projects]]
  branch = "master"
  name = "github.com/0xAX/notificator"
  packages = ["."]
  revision = "88d57ee9043ba88d6a62e437fa15dda1ca0d2b59"

[[projects]]
  branch = "master"
  name = "github.com/gen2brain/dlgs"
  packages = ["."]
  revision = "01a5f5a61d1883f3329fac666200c6f573f5196e"

[[projects]]
  branch = "master"
  name = "github.com/gopherjs/gopherjs"
  packages = ["js"]
  revision = "8dffc02ea1cb8398bb73f30424697c60fcf8d4c5"

[solve-meta]
  analyzer-name = "dep"
  analyzer-version = 1
  inputs-digest = "c573cc4e21db3a8f6e6e23d30c39f1d2e54a384e8264c6bf60c5f1ad304a6fa6"
  solver-name = "gps-cdcl"
  solver-version = 1
