# This file is autogenerated, do not edit; changes may be undone by the next 'dep ensure'.


[[projects]]
  branch = "master"
  name = "github.com/0xAX/notificator"
  packages = ["."]
  revision = "88d57ee9043ba88d6a62e437fa15dda1ca0d2b59"

[[projects]]
  branch = "master"
  name = "github.com/AllenDang/w32"
  packages = ["."]
  revision = "ad0a36d80adcd081d5c0dded8e97a009b486d1db"

[[projects]]
  branch = "master"
  name = "github.com/mattn/go-gtk"
  packages = [
    "gdk",
    "gdkpixbuf",
    "gio",
    "glib",
    "gtk",
    "pango"
  ]
  revision = "0c9f6816f4f58cfdf8e67bb015f838bd05ea27b1"

[[projects]]
  branch = "master"
  name = "github.com/mattn/go-pointer"
  packages = ["."]
  revision = "1d30dc4b6f28271a3bd126071d4d0363e618415b"

[[projects]]
  branch = "master"
  name = "github.com/sqweek/dialog"
  packages = [
    ".",
    "cocoa"
  ]
  revision = "2f9d9e5dd848a3bad4bdd0210c73bb90c13a3791"

[solve-meta]
  analyzer-name = "dep"
  analyzer-version = 1
  inputs-digest = "1a86846177cc822c4cd030dc62eba9e679c1c48fe54f21ab7b9075f7435e015b"
  solver-name = "gps-cdcl"
  solver-version = 1
